# This file is autogenerated, do not edit; changes may be undone by the next 'dep ensure'.


[[projects]]
  branch = "master"
  name = "github.com/Bredgren/geo"
  packages = ["."]
  revision = "dc026fbc6a17517568dfdc97ea7c56fe12e99099"

[[projects]]
  branch = "master"
  name = "github.com/go-gl/gl"
  packages = ["v2.1/gl"]
  revision = "ac0d3d2af0fe995e2bb09fa6619b716b0c0fc0fa"

[[projects]]
  branch = "master"
  name = "github.com/go-gl/glfw"
  packages = ["v3.2/glfw"]
  revision = "513e4f2bf85c31fba0fc4907abd7895242ccbe50"

[[projects]]
  branch = "master"
  name = "github.com/gopherjs/gopherjs"
  packages = ["js","nosync"]
  revision = "415225646bb92c4449bb484646f2c95a98402f6f"

[[projects]]
  branch = "master"
  name = "github.com/gopherjs/webgl"
  packages = ["."]
  revision = "a2d36020a9b2af0f7aefb23467ab48f3b501beec"

[[projects]]
  branch = "master"
  name = "github.com/hajimehoshi/ebiten"
  packages = [".","ebitenutil","ebitenutil/internal/assets","internal","internal/affine","internal/clock","internal/endian","internal/graphics","internal/jni","internal/math","internal/opengl","internal/restorable","internal/sync","internal/ui","internal/web","text"]
  revision = "b4e3e9375cdd479a8556c4d1d82b46a5c0e35360"

[[projects]]
  name = "github.com/solovev/gopsd"
  packages = [".","types","util"]
  revision = "324149dd34bc90d56963669f7a288d96b7d9ba10"

[[projects]]
  branch = "master"
  name = "golang.org/x/image"
  packages = ["font","font/basicfont","font/plan9font","math/fixed"]
  revision = "334384d9e19178a0488c9360d94d183c1ef0f711"

[[projects]]
  branch = "master"
  name = "golang.org/x/mobile"
  packages = ["gl"]
  revision = "e095d655c7b68388a6d3e926d508f5f3b42b3e71"

[[projects]]
  branch = "master"
  name = "golang.org/x/sys"
  packages = ["windows"]
  revision = "314a259e304ff91bd6985da2a7149bbf91237993"

[solve-meta]
  analyzer-name = "dep"
  analyzer-version = 1
  inputs-digest = "a48d48ba93b6e298f588fbfecb6b33d804f35a44666cbfd6f86511aa3e416739"
  solver-name = "gps-cdcl"
  solver-version = 1
